// !$*UTF8*$!
{
	archiveVersion = 1;
	classes = {
	};
	objectVersion = 50;
	objects = {

/* Begin PBXBuildFile section */
		4576F02022F03021002BB4DC /* AppDelegate.m in Sources */ = {isa = PBXBuildFile; fileRef = 4576F01F22F03021002BB4DC /* AppDelegate.m */; };
		4576F02322F03021002BB4DC /* ViewController.m in Sources */ = {isa = PBXBuildFile; fileRef = 4576F02222F03021002BB4DC /* ViewController.m */; };
		4576F02622F03021002BB4DC /* Main.storyboard in Resources */ = {isa = PBXBuildFile; fileRef = 4576F02422F03021002BB4DC /* Main.storyboard */; };
		4576F02822F03022002BB4DC /* Assets.xcassets in Resources */ = {isa = PBXBuildFile; fileRef = 4576F02722F03022002BB4DC /* Assets.xcassets */; };
		4576F02B22F03022002BB4DC /* LaunchScreen.storyboard in Resources */ = {isa = PBXBuildFile; fileRef = 4576F02922F03022002BB4DC /* LaunchScreen.storyboard */; };
		4576F02E22F03022002BB4DC /* main.m in Sources */ = {isa = PBXBuildFile; fileRef = 4576F02D22F03022002BB4DC /* main.m */; };
		4576F03622F03035002BB4DC /* AppleUIScrollView.m in Sources */ = {isa = PBXBuildFile; fileRef = 4576F03522F03035002BB4DC /* AppleUIScrollView.m */; };
		9350E8ECE506D258E7F47258 /* libPods-AppleUIScrollView.a in Frameworks */ = {isa = PBXBuildFile; fileRef = 7F0FC2F3C7D2BCE9846CD5B0 /* libPods-AppleUIScrollView.a */; };
/* End PBXBuildFile section */

/* Begin PBXFileReference section */
		4576F01B22F03021002BB4DC /* AppleUIScrollView.app */ = {isa = PBXFileReference; explicitFileType = wrapper.application; includeInIndex = 0; path = AppleUIScrollView.app; sourceTree = BUILT_PRODUCTS_DIR; };
		4576F01E22F03021002BB4DC /* AppDelegate.h */ = {isa = PBXFileReference; lastKnownFileType = sourcecode.c.h; path = AppDelegate.h; sourceTree = "<group>"; };
		4576F01F22F03021002BB4DC /* AppDelegate.m */ = {isa = PBXFileReference; lastKnownFileType = sourcecode.c.objc; path = AppDelegate.m; sourceTree = "<group>"; };
		4576F02122F03021002BB4DC /* ViewController.h */ = {isa = PBXFileReference; lastKnownFileType = sourcecode.c.h; path = ViewController.h; sourceTree = "<group>"; };
		4576F02222F03021002BB4DC /* ViewController.m */ = {isa = PBXFileReference; lastKnownFileType = sourcecode.c.objc; path = ViewController.m; sourceTree = "<group>"; };
		4576F02522F03021002BB4DC /* Base */ = {isa = PBXFileReference; lastKnownFileType = file.storyboard; name = Base; path = Base.lproj/Main.storyboard; sourceTree = "<group>"; };
		4576F02722F03022002BB4DC /* Assets.xcassets */ = {isa = PBXFileReference; lastKnownFileType = folder.assetcatalog; path = Assets.xcassets; sourceTree = "<group>"; };
		4576F02A22F03022002BB4DC /* Base */ = {isa = PBXFileReference; lastKnownFileType = file.storyboard; name = Base; path = Base.lproj/LaunchScreen.storyboard; sourceTree = "<group>"; };
		4576F02C22F03022002BB4DC /* Info.plist */ = {isa = PBXFileReference; lastKnownFileType = text.plist.xml; path = Info.plist; sourceTree = "<group>"; };
		4576F02D22F03022002BB4DC /* main.m */ = {isa = PBXFileReference; lastKnownFileType = sourcecode.c.objc; path = main.m; sourceTree = "<group>"; };
		4576F03422F03035002BB4DC /* AppleUIScrollView.h */ = {isa = PBXFileReference; lastKnownFileType = sourcecode.c.h; path = AppleUIScrollView.h; sourceTree = "<group>"; };
		4576F03522F03035002BB4DC /* AppleUIScrollView.m */ = {isa = PBXFileReference; lastKnownFileType = sourcecode.c.objc; path = AppleUIScrollView.m; sourceTree = "<group>"; };
		7F0FC2F3C7D2BCE9846CD5B0 /* libPods-AppleUIScrollView.a */ = {isa = PBXFileReference; explicitFileType = archive.ar; includeInIndex = 0; path = "libPods-AppleUIScrollView.a"; sourceTree = BUILT_PRODUCTS_DIR; };
		B12DC94502B6AEE58736E93E /* Pods-AppleUIScrollView.release.xcconfig */ = {isa = PBXFileReference; includeInIndex = 1; lastKnownFileType = text.xcconfig; name = "Pods-AppleUIScrollView.release.xcconfig"; path = "Target Support Files/Pods-AppleUIScrollView/Pods-AppleUIScrollView.release.xcconfig"; sourceTree = "<group>"; };
		B2E60C569693D183D2E8413D /* Pods-AppleUIScrollView.debug.xcconfig */ = {isa = PBXFileReference; includeInIndex = 1; lastKnownFileType = text.xcconfig; name = "Pods-AppleUIScrollView.debug.xcconfig"; path = "Target Support Files/Pods-AppleUIScrollView/Pods-AppleUIScrollView.debug.xcconfig"; sourceTree = "<group>"; };
/* End PBXFileReference section */

/* Begin PBXFrameworksBuildPhase section */
		4576F01822F03021002BB4DC /* Frameworks */ = {
			isa = PBXFrameworksBuildPhase;
			buildActionMask = 2147483647;
			files = (
				9350E8ECE506D258E7F47258 /* libPods-AppleUIScrollView.a in Frameworks */,
			);
			runOnlyForDeploymentPostprocessing = 0;
		};
/* End PBXFrameworksBuildPhase section */

/* Begin PBXGroup section */
		304F1A06A46714D48C13A072 /* Frameworks */ = {
			isa = PBXGroup;
			children = (
				7F0FC2F3C7D2BCE9846CD5B0 /* libPods-AppleUIScrollView.a */,
			);
			name = Frameworks;
			sourceTree = "<group>";
		};
		4576F01222F03021002BB4DC = {
			isa = PBXGroup;
			children = (
				4576F01D22F03021002BB4DC /* AppleUIScrollView */,
				4576F01C22F03021002BB4DC /* Products */,
				9ACF6B233CCA45ED15CF0A45 /* Pods */,
				304F1A06A46714D48C13A072 /* Frameworks */,
			);
			sourceTree = "<group>";
		};
		4576F01C22F03021002BB4DC /* Products */ = {
			isa = PBXGroup;
			children = (
				4576F01B22F03021002BB4DC /* AppleUIScrollView.app */,
			);
			name = Products;
			sourceTree = "<group>";
		};
		4576F01D22F03021002BB4DC /* AppleUIScrollView */ = {
			isa = PBXGroup;
			children = (
				4576F01E22F03021002BB4DC /* AppDelegate.h */,
				4576F01F22F03021002BB4DC /* AppDelegate.m */,
				4576F02122F03021002BB4DC /* ViewController.h */,
				4576F02222F03021002BB4DC /* ViewController.m */,
				4576F03422F03035002BB4DC /* AppleUIScrollView.h */,
				4576F03522F03035002BB4DC /* AppleUIScrollView.m */,
				4576F02422F03021002BB4DC /* Main.storyboard */,
				4576F02722F03022002BB4DC /* Assets.xcassets */,
				4576F02922F03022002BB4DC /* LaunchScreen.storyboard */,
				4576F02C22F03022002BB4DC /* Info.plist */,
				4576F02D22F03022002BB4DC /* main.m */,
			);
			path = AppleUIScrollView;
			sourceTree = "<group>";
		};
		9ACF6B233CCA45ED15CF0A45 /* Pods */ = {
			isa = PBXGroup;
			children = (
				B2E60C569693D183D2E8413D /* Pods-AppleUIScrollView.debug.xcconfig */,
				B12DC94502B6AEE58736E93E /* Pods-AppleUIScrollView.release.xcconfig */,
			);
			name = Pods;
			path = Pods;
			sourceTree = "<group>";
		};
/* End PBXGroup section */

/* Begin PBXNativeTarget section */
		4576F01A22F03021002BB4DC /* AppleUIScrollView */ = {
			isa = PBXNativeTarget;
			buildConfigurationList = 4576F03122F03022002BB4DC /* Build configuration list for PBXNativeTarget "AppleUIScrollView" */;
			buildPhases = (
				34EE1BB9C3E3AF80D4962A94 /* [CP] Check Pods Manifest.lock */,
				4576F01722F03021002BB4DC /* Sources */,
				4576F01822F03021002BB4DC /* Frameworks */,
				4576F01922F03021002BB4DC /* Resources */,
			);
			buildRules = (
			);
			dependencies = (
			);
			name = AppleUIScrollView;
			productName = AppleUIScrollView;
			productReference = 4576F01B22F03021002BB4DC /* AppleUIScrollView.app */;
			productType = "com.apple.product-type.application";
		};
/* End PBXNativeTarget section */

/* Begin PBXProject section */
		4576F01322F03021002BB4DC /* Project object */ = {
			isa = PBXProject;
			attributes = {
				LastUpgradeCheck = 1020;
				ORGANIZATIONNAME = daixl;
				TargetAttributes = {
					4576F01A22F03021002BB4DC = {
						CreatedOnToolsVersion = 10.2.1;
					};
				};
			};
			buildConfigurationList = 4576F01622F03021002BB4DC /* Build configuration list for PBXProject "AppleUIScrollView" */;
			compatibilityVersion = "Xcode 9.3";
			developmentRegion = en;
			hasScannedForEncodings = 0;
			knownRegions = (
				en,
				Base,
			);
			mainGroup = 4576F01222F03021002BB4DC;
			productRefGroup = 4576F01C22F03021002BB4DC /* Products */;
			projectDirPath = "";
			projectRoot = "";
			targets = (
				4576F01A22F03021002BB4DC /* AppleUIScrollView */,
			);
		};
/* End PBXProject section */

/* Begin PBXResourcesBuildPhase section */
		4576F01922F03021002BB4DC /* Resources */ = {
			isa = PBXResourcesBuildPhase;
			buildActionMask = 2147483647;
			files = (
				4576F02B22F03022002BB4DC /* LaunchScreen.storyboard in Resources */,
				4576F02822F03022002BB4DC /* Assets.xcassets in Resources */,
				4576F02622F03021002BB4DC /* Main.storyboard in Resources */,
			);
			runOnlyForDeploymentPostprocessing = 0;
		};
/* End PBXResourcesBuildPhase section */

/* Begin PBXShellScriptBuildPhase section */
		34EE1BB9C3E3AF80D4962A94 /* [CP] Check Pods Manifest.lock */ = {
			isa = PBXShellScriptBuildPhase;
			buildActionMask = 2147483647;
			files = (
			);
			inputFileListPaths = (
			);
			inputPaths = (
				"${PODS_PODFILE_DIR_PATH}/Podfile.lock",
				"${PODS_ROOT}/Manifest.lock",
			);
			name = "[CP] Check Pods Manifest.lock";
			outputFileListPaths = (
			);
			outputPaths = (
				"$(DERIVED_FILE_DIR)/Pods-AppleUIScrollView-checkManifestLockResult.txt",
			);
			runOnlyForDeploymentPostprocessing = 0;
			shellPath = /bin/sh;
			shellScript = "diff \"${PODS_PODFILE_DIR_PATH}/Podfile.lock\" \"${PODS_ROOT}/Manifest.lock\" > /dev/null\nif [ $? != 0 ] ; then\n    # print error to STDERR\n    echo \"error: The sandbox is not in sync with the Podfile.lock. Run 'pod install' or update your CocoaPods installation.\" >&2\n    exit 1\nfi\n# This output is used by Xcode 'outputs' to avoid re-running this script phase.\necho \"SUCCESS\" > \"${SCRIPT_OUTPUT_FILE_0}\"\n";
			showEnvVarsInLog = 0;
		};
/* End PBXShellScriptBuildPhase section */

/* Begin PBXSourcesBuildPhase section */
		4576F01722F03021002BB4DC /* Sources */ = {
			isa = PBXSourcesBuildPhase;
			buildActionMask = 2147483647;
			files = (
				4576F03622F03035002BB4DC /* AppleUIScrollView.m in Sources */,
				4576F02322F03021002BB4DC /* ViewController.m in Sources */,
				4576F02E22F03022002BB4DC /* main.m in Sources */,
				4576F02022F03021002BB4DC /* AppDelegate.m in Sources */,
			);
			runOnlyForDeploymentPostprocessing = 0;
		};
/* End PBXSourcesBuildPhase section */

/* Begin PBXVariantGroup section */
		4576F02422F03021002BB4DC /* Main.storyboard */ = {
			isa = PBXVariantGroup;
			children = (
				4576F02522F03021002BB4DC /* Base */,
			);
			name = Main.storyboard;
			sourceTree = "<group>";
		};
		4576F02922F03022002BB4DC /* LaunchScreen.storyboard */ = {
			isa = PBXVariantGroup;
			children = (
				4576F02A22F03022002BB4DC /* Base */,
			);
			name = LaunchScreen.storyboard;
			sourceTree = "<group>";
		};
/* End PBXVariantGroup section */

/* Begin XCBuildConfiguration section */
		4576F02F22F03022002BB4DC /* Debug */ = {
			isa = XCBuildConfiguration;
			buildSettings = {
				ALWAYS_SEARCH_USER_PATHS = NO;
				CLANG_ANALYZER_NONNULL = YES;
				CLANG_ANALYZER_NUMBER_OBJECT_CONVERSION = YES_AGGRESSIVE;
				CLANG_CXX_LANGUAGE_STANDARD = "gnu++14";
				CLANG_CXX_LIBRARY = "libc++";
				CLANG_ENABLE_MODULES = YES;
				CLANG_ENABLE_OBJC_ARC = YES;
				CLANG_ENABLE_OBJC_WEAK = YES;
				CLANG_WARN_BLOCK_CAPTURE_AUTORELEASING = YES;
				CLANG_WARN_BOOL_CONVERSION = YES;
				CLANG_WARN_COMMA = YES;
				CLANG_WARN_CONSTANT_CONVERSION = YES;
				CLANG_WARN_DEPRECATED_OBJC_IMPLEMENTATIONS = YES;
				CLANG_WARN_DIRECT_OBJC_ISA_USAGE = YES_ERROR;
				CLANG_WARN_DOCUMENTATION_COMMENTS = YES;
				CLANG_WARN_EMPTY_BODY = YES;
				CLANG_WARN_ENUM_CONVERSION = YES;
				CLANG_WARN_INFINITE_RECURSION = YES;
				CLANG_WARN_INT_CONVERSION = YES;
				CLANG_WARN_NON_LITERAL_NULL_CONVERSION = YES;
				CLANG_WARN_OBJC_IMPLICIT_RETAIN_SELF = YES;
				CLANG_WARN_OBJC_LITERAL_CONVERSION = YES;
				CLANG_WARN_OBJC_ROOT_CLASS = YES_ERROR;
				CLANG_WARN_RANGE_LOOP_ANALYSIS = YES;
				CLANG_WARN_STRICT_PROTOTYPES = YES;
				CLANG_WARN_SUSPICIOUS_MOVE = YES;
				CLANG_WARN_UNGUARDED_AVAILABILITY = YES_AGGRESSIVE;
				CLANG_WARN_UNREACHABLE_CODE = YES;
				CLANG_WARN__DUPLICATE_METHOD_MATCH = YES;
				CODE_SIGN_IDENTITY = "iPhone Developer";
				COPY_PHASE_STRIP = NO;
				DEBUG_INFORMATION_FORMAT = dwarf;
				ENABLE_STRICT_OBJC_MSGSEND = YES;
				ENABLE_TESTABILITY = YES;
				GCC_C_LANGUAGE_STANDARD = gnu11;
				GCC_DYNAMIC_NO_PIC = NO;
				GCC_NO_COMMON_BLOCKS = YES;
				GCC_OPTIMIZATION_LEVEL = 0;
				GCC_PREPROCESSOR_DEFINITIONS = (
					"DEBUG=1",
					"$(inherited)",
				);
				GCC_WARN_64_TO_32_BIT_CONVERSION = YES;
				GCC_WARN_ABOUT_RETURN_TYPE = YES_ERROR;
				GCC_WARN_UNDECLARED_SELECTOR = YES;
				GCC_WARN_UNINITIALIZED_AUTOS = YES_AGGRESSIVE;
				GCC_WARN_UNUSED_FUNCTION = YES;
				GCC_WARN_UNUSED_VARIABLE = YES;
				IPHONEOS_DEPLOYMENT_TARGET = 12.2;
				MTL_ENABLE_DEBUG_INFO = INCLUDE_SOURCE;
				MTL_FAST_MATH = YES;
				ONLY_ACTIVE_ARCH = YES;
				SDKROOT = iphoneos;
			};
			name = Debug;
		};
		4576F03022F03022002BB4DC /* Release */ = {
			isa = XCBuildConfiguration;
			buildSettings = {
				ALWAYS_SEARCH_USER_PATHS = NO;
				CLANG_ANALYZER_NONNULL = YES;
				CLANG_ANALYZER_NUMBER_OBJECT_CONVERSION = YES_AGGRESSIVE;
				CLANG_CXX_LANGUAGE_STANDARD = "gnu++14";
				CLANG_CXX_LIBRARY = "libc++";
				CLANG_ENABLE_MODULES = YES;
				CLANG_ENABLE_OBJC_ARC = YES;
				CLANG_ENABLE_OBJC_WEAK = YES;
				CLANG_WARN_BLOCK_CAPTURE_AUTORELEASING = YES;
				CLANG_WARN_BOOL_CONVERSION = YES;
				CLANG_WARN_COMMA = YES;
				CLANG_WARN_CONSTANT_CONVERSION = YES;
				CLANG_WARN_DEPRECATED_OBJC_IMPLEMENTATIONS = YES;
				CLANG_WARN_DIRECT_OBJC_ISA_USAGE = YES_ERROR;
				CLANG_WARN_DOCUMENTATION_COMMENTS = YES;
				CLANG_WARN_EMPTY_BODY = YES;
				CLANG_WARN_ENUM_CONVERSION = YES;
				CLANG_WARN_INFINITE_RECURSION = YES;
				CLANG_WARN_INT_CONVERSION = YES;
				CLANG_WARN_NON_LITERAL_NULL_CONVERSION = YES;
				CLANG_WARN_OBJC_IMPLICIT_RETAIN_SELF = YES;
				CLANG_WARN_OBJC_LITERAL_CONVERSION = YES;
				CLANG_WARN_OBJC_ROOT_CLASS = YES_ERROR;
				CLANG_WARN_RANGE_LOOP_ANALYSIS = YES;
				CLANG_WARN_STRICT_PROTOTYPES = YES;
				CLANG_WARN_SUSPICIOUS_MOVE = YES;
				CLANG_WARN_UNGUARDED_AVAILABILITY = YES_AGGRESSIVE;
				CLANG_WARN_UNREACHABLE_CODE = YES;
				CLANG_WARN__DUPLICATE_METHOD_MATCH = YES;
				CODE_SIGN_IDENTITY = "iPhone Developer";
				COPY_PHASE_STRIP = NO;
				DEBUG_INFORMATION_FORMAT = "dwarf-with-dsym";
				ENABLE_NS_ASSERTIONS = NO;
				ENABLE_STRICT_OBJC_MSGSEND = YES;
				GCC_C_LANGUAGE_STANDARD = gnu11;
				GCC_NO_COMMON_BLOCKS = YES;
				GCC_WARN_64_TO_32_BIT_CONVERSION = YES;
				GCC_WARN_ABOUT_RETURN_TYPE = YES_ERROR;
				GCC_WARN_UNDECLARED_SELECTOR = YES;
				GCC_WARN_UNINITIALIZED_AUTOS = YES_AGGRESSIVE;
				GCC_WARN_UNUSED_FUNCTION = YES;
				GCC_WARN_UNUSED_VARIABLE = YES;
				IPHONEOS_DEPLOYMENT_TARGET = 12.2;
				MTL_ENABLE_DEBUG_INFO = NO;
				MTL_FAST_MATH = YES;
				SDKROOT = iphoneos;
				VALIDATE_PRODUCT = YES;
			};
			name = Release;
		};
		4576F03222F03022002BB4DC /* Debug */ = {
			isa = XCBuildConfiguration;
			baseConfigurationReference = B2E60C569693D183D2E8413D /* Pods-AppleUIScrollView.debug.xcconfig */;
			buildSettings = {
				ASSETCATALOG_COMPILER_APPICON_NAME = AppIcon;
				CODE_SIGN_STYLE = Automatic;
				INFOPLIST_FILE = AppleUIScrollView/Info.plist;
				LD_RUNPATH_SEARCH_PATHS = (
					"$(inherited)",
					"@executable_path/Frameworks",
				);
				PRODUCT_BUNDLE_IDENTIFIER = com.zhenguanyu.AppleUIScrollView;
				PRODUCT_NAME = "$(TARGET_NAME)";
				TARGETED_DEVICE_FAMILY = "1,2";
			};
			name = Debug;
		};
		4576F03322F03022002BB4DC /* Release */ = {
			isa = XCBuildConfiguration;
			baseConfigurationReference = B12DC94502B6AEE58736E93E /* Pods-AppleUIScrollView.release.xcconfig */;
			buildSettings = {
				ASSETCATALOG_COMPILER_APPICON_NAME = AppIcon;
				CODE_SIGN_STYLE = Automatic;
				INFOPLIST_FILE = AppleUIScrollView/Info.plist;
				LD_RUNPATH_SEARCH_PATHS = (
					"$(inherited)",
					"@executable_path/Frameworks",
				);
				PRODUCT_BUNDLE_IDENTIFIER = com.zhenguanyu.AppleUIScrollView;
				PRODUCT_NAME = "$(TARGET_NAME)";
				TARGETED_DEVICE_FAMILY = "1,2";
			};
			name = Release;
		};
/* End XCBuildConfiguration section */

/* Begin XCConfigurationList section */
		4576F01622F03021002BB4DC /* Build configuration list for PBXProject "AppleUIScrollView" */ = {
			isa = XCConfigurationList;
			buildConfigurations = (
				4576F02F22F03022002BB4DC /* Debug */,
				4576F03022F03022002BB4DC /* Release */,
			);
			defaultConfigurationIsVisible = 0;
			defaultConfigurationName = Release;
		};
		4576F03122F03022002BB4DC /* Build configuration list for PBXNativeTarget "AppleUIScrollView" */ = {
			isa = XCConfigurationList;
			buildConfigurations = (
				4576F03222F03022002BB4DC /* Debug */,
				4576F03322F03022002BB4DC /* Release */,
			);
			defaultConfigurationIsVisible = 0;
			defaultConfigurationName = Release;
		};
/* End XCConfigurationList section */
	};
	rootObject = 4576F01322F03021002BB4DC /* Project object */;
}
